
Microsoft Visual Studio Solution File, Format Version 12.00
# Visual Studio Express 15 for Windows Desktop
VisualStudioVersion = 15.0.27703.2026
MinimumVisualStudioVersion = 10.0.40219.1
Project("{FAE04EC0-301F-11D3-BF4B-00C04F79EFBC}") = "UDPsender", "UDPsender\UDPsender.csproj", "{897A55EA-69F2-4F18-88B9-0C531D2504BE}"
EndProject
Global
	GlobalSection(SolutionConfigurationPlatforms) = preSolution
		Debug|Any CPU = Debug|Any CPU
		Release|Any CPU = Release|Any CPU
	EndGlobalSection
	GlobalSection(ProjectConfigurationPlatforms) = postSolution
		{897A55EA-69F2-4F18-88B9-0C531D2504BE}.Debug|Any CPU.ActiveCfg = Debug|Any CPU
		{897A55EA-69F2-4F18-88B9-0C531D2504BE}.Debug|Any CPU.Build.0 = Debug|Any CPU
		{897A55EA-69F2-4F18-88B9-0C531D2504BE}.Release|Any CPU.ActiveCfg = Release|Any CPU
		{897A55EA-69F2-4F18-88B9-0C531D2504BE}.Release|Any CPU.Build.0 = Release|Any CPU
	EndGlobalSection
	GlobalSection(SolutionProperties) = preSolution
		HideSolutionNode = FALSE
	EndGlobalSection
	GlobalSection(ExtensibilityGlobals) = postSolution
		SolutionGuid = {E6FB4008-8B14-4D66-8110-51D1A7E4C8AC}
	EndGlobalSection
EndGlobal
